{
  "name": "ainuo-cli-test",
  "version": "1.0.0",
  "lockfileVersion": 2,
  "requires": true,
  "packages": {
    "": {
      "name": "ainuo-cli-test",
      "version": "1.0.0",
      "license": "ISC",
      "bin": {
        "ainuo-cli-test": "bin/index.js"
      }
    },
    "../ainuo-cli-lib": {
      "version": "1.0.0",
      "extraneous": true,
      "license": "ISC",
      "bin": {
        "test": "echo \"Error: no test specified\" && exit 1"
      }
    }
  }
}
